# This is a Gradle generated file for dependency locking.
# Manual edits can break the build and are not advised.
# This file is expected to be part of source control.
ch.qos.logback:logback-classic:1.5.38=cliCompatRuntimeClasspath,runtimeClasspath,testRuntimeClasspath
ch.qos.logback:logback-core:1.5.38=cliCompatRuntimeClasspath,runtimeClasspath,testRuntimeClasspath
com.fasterxml.jackson.core:jackson-annotations:2.21=cliCompatCompileClasspath,cliCompatRuntimeClasspath,compileClasspath,runtimeClasspath,testCompileClasspath,testRuntimeClasspath
com.fasterxml.jackson.core:jackson-core:2.21.5=cliCompatCompileClasspath,cliCompatRuntimeClasspath,compileClasspath,runtimeClasspath,testCompileClasspath,testRuntimeClasspath
com.fasterxml.jackson.core:jackson-databind:2.21.5=cliCompatCompileClasspath,cliCompatRuntimeClasspath,compileClasspath,runtimeClasspath,testCompileClasspath,testRuntimeClasspath
com.fasterxml.jackson.dataformat:jackson-dataformat-csv:2.21.5=cliCompatRuntimeClasspath,runtimeClasspath,testRuntimeClasspath
com.fasterxml.jackson.dataformat:jackson-dataformat-smile:2.21.5=cliCompatCompileClasspath,cliCompatRuntimeClasspath,compileClasspath,runtimeClasspath,testCompileClasspath,testRuntimeClasspath
com.fasterxml.jackson.dataformat:jackson-dataformat-xml:2.21.5=cliCompatRuntimeClasspath,runtimeClasspath,testRuntimeClasspath
com.fasterxml.jackson.dataformat:jackson-dataformat-yaml:2.21.5=cliCompatRuntimeClasspath,runtimeClasspath,testRuntimeClasspath
com.fasterxml.jackson.datatype:jackson-datatype-jdk8:2.21.5=cliCompatRuntimeClasspath,runtimeClasspath,testRuntimeClasspath
com.fasterxml.jackson.datatype:jackson-datatype-jsr310:2.21.5=cliCompatCompileClasspath,cliCompatRuntimeClasspath,compileClasspath,runtimeClasspath,testCompileClasspath,testRuntimeClasspath
com.fasterxml.jackson.module:jackson-module-jaxb-annotations:2.21.5=cliCompatRuntimeClasspath,runtimeClasspath,testRuntimeClasspath
com.fasterxml.jackson.module:jackson-module-parameter-names:2.21.5=cliCompatCompileClasspath,cliCompatRuntimeClasspath,compileClasspath,runtimeClasspath,testCompileClasspath,testRuntimeClasspath
com.fasterxml.jackson:jackson-bom:2.21.5=cliCompatCompileClasspath,cliCompatRuntimeClasspath,compileClasspath,runtimeClasspath,testCompileClasspath,testRuntimeClasspath
com.fasterxml.woodstox:woodstox-core:7.1.1=cliCompatRuntimeClasspath,runtimeClasspath,testRuntimeClasspath
com.github.ben-manes.caffeine:caffeine:2.9.3=cliCompatRuntimeClasspath,runtimeClasspath,testRuntimeClasspath
com.google.code.findbugs:jsr305:3.0.2=compileClasspath
com.google.errorprone:error_prone_annotations:2.41.0=cliCompatRuntimeClasspath,runtimeClasspath,testRuntimeClasspath
com.google.guava:failureaccess:1.0.3=cliCompatRuntimeClasspath,runtimeClasspath,testRuntimeClasspath
com.google.guava:guava:33.5.0-jre=cliCompatRuntimeClasspath,runtimeClasspath,testRuntimeClasspath
com.google.guava:listenablefuture:9999.0-empty-to-avoid-conflict-with-guava=cliCompatRuntimeClasspath,runtimeClasspath,testRuntimeClasspath
com.google.j2objc:j2objc-annotations:3.1=cliCompatRuntimeClasspath,runtimeClasspath,testRuntimeClasspath
com.googlecode.javaewah:JavaEWAH:1.1.13=cliCompatRuntimeClasspath,runtimeClasspath,testRuntimeClasspath
com.univocity:univocity-parsers:2.9.1=cliCompatRuntimeClasspath,runtimeClasspath,testRuntimeClasspath
commons-logging:commons-logging:1.3.5=testRuntimeClasspath
dev.drewhamilton.poko:poko-annotations-jvm:0.17.1=detekt
dev.drewhamilton.poko:poko-annotations:0.17.1=detekt
dev.failsafe:failsafe:3.3.2=cliCompatRuntimeClasspath,runtimeClasspath,testRuntimeClasspath
io.github.classgraph:classgraph:4.8.184=cliCompatRuntimeClasspath,runtimeClasspath,testRuntimeClasspath
io.github.davidburstrom.contester:contester-breakpoint:0.2.0=detekt
io.github.detekt.sarif4k:sarif4k-jvm:0.6.0=detekt
io.github.detekt.sarif4k:sarif4k:0.6.0=detekt
io.gitlab.arturbosch.detekt:detekt-api:1.23.8=detekt
io.gitlab.arturbosch.detekt:detekt-cli:1.23.8=detekt
io.gitlab.arturbosch.detekt:detekt-core:1.23.8=detekt
io.gitlab.arturbosch.detekt:detekt-metrics:1.23.8=detekt
io.gitlab.arturbosch.detekt:detekt-parser:1.23.8=detekt
io.gitlab.arturbosch.detekt:detekt-psi-utils:1.23.8=detekt
io.gitlab.arturbosch.detekt:detekt-report-html:1.23.8=detekt
io.gitlab.arturbosch.detekt:detekt-report-md:1.23.8=detekt
io.gitlab.arturbosch.detekt:detekt-report-sarif:1.23.8=detekt
io.gitlab.arturbosch.detekt:detekt-report-txt:1.23.8=detekt
io.gitlab.arturbosch.detekt:detekt-report-xml:1.23.8=detekt
io.gitlab.arturbosch.detekt:detekt-rules-complexity:1.23.8=detekt
io.gitlab.arturbosch.detekt:detekt-rules-coroutines:1.23.8=detekt
io.gitlab.arturbosch.detekt:detekt-rules-documentation:1.23.8=detekt
io.gitlab.arturbosch.detekt:detekt-rules-empty:1.23.8=detekt
io.gitlab.arturbosch.detekt:detekt-rules-errorprone:1.23.8=detekt
io.gitlab.arturbosch.detekt:detekt-rules-exceptions:1.23.8=detekt
io.gitlab.arturbosch.detekt:detekt-rules-naming:1.23.8=detekt
io.gitlab.arturbosch.detekt:detekt-rules-performance:1.23.8=detekt
io.gitlab.arturbosch.detekt:detekt-rules-style:1.23.8=detekt
io.gitlab.arturbosch.detekt:detekt-rules:1.23.8=detekt
io.gitlab.arturbosch.detekt:detekt-tooling:1.23.8=detekt
io.gitlab.arturbosch.detekt:detekt-utils:1.23.8=detekt
io.micrometer:micrometer-commons:1.16.6=testRuntimeClasspath
io.micrometer:micrometer-core:1.9.17=cliCompatCompileClasspath,cliCompatRuntimeClasspath,compileClasspath,runtimeClasspath,testCompileClasspath,testRuntimeClasspath
io.micrometer:micrometer-observation:1.16.6=testRuntimeClasspath
io.moderne:jsonrpc:1.0.10=runtimeClasspath,testRuntimeClasspath
io.moderne:jsonrpc:1.1.0-SNAPSHOT=cliCompatRuntimeClasspath
io.quarkus.gizmo:gizmo:1.0.11.Final=cliCompatRuntimeClasspath,runtimeClasspath,testRuntimeClasspath
jakarta.activation:jakarta.activation-api:1.2.2=cliCompatRuntimeClasspath,runtimeClasspath,testRuntimeClasspath
javax.xml.bind:jaxb-api:2.2.12=cliCompatRuntimeClasspath,runtimeClasspath,testRuntimeClasspath
net.bytebuddy:byte-buddy-agent:1.17.7=testRuntimeClasspath
net.bytebuddy:byte-buddy:1.17.1=testCompileClasspath
net.bytebuddy:byte-buddy:1.17.7=testRuntimeClasspath
net.bytebuddy:byte-buddy:1.18.3=cliCompatRuntimeClasspath
net.java.dev.jna:jna-platform:5.19.1=cliCompatRuntimeClasspath,runtimeClasspath,testRuntimeClasspath
net.java.dev.jna:jna:5.19.1=cliCompatRuntimeClasspath,runtimeClasspath,testRuntimeClasspath
org.antlr:antlr4-runtime:4.13.2=cliCompatRuntimeClasspath,runtimeClasspath,testRuntimeClasspath
org.apache.commons:commons-lang3:3.20.0=cliCompatRuntimeClasspath,runtimeClasspath,testRuntimeClasspath
org.apache.commons:commons-text:1.15.0=cliCompatRuntimeClasspath,runtimeClasspath,testRuntimeClasspath
org.apache.groovy:groovy-bom:4.0.32=cliCompatRuntimeClasspath,runtimeClasspath,testRuntimeClasspath
org.apache.groovy:groovy:4.0.32=cliCompatRuntimeClasspath,runtimeClasspath,testRuntimeClasspath
org.apiguardian:apiguardian-api:1.1.2=cliCompatCompileClasspath,testCompileClasspath
org.assertj:assertj-core:3.27.7=cliCompatRuntimeClasspath
org.assertj:assertj-core:4.0.0-M1=testCompileClasspath,testRuntimeClasspath
org.bouncycastle:bcpg-jdk18on:1.84=kotlinBouncyCastleConfiguration
org.bouncycastle:bcpkix-jdk18on:1.84=kotlinBouncyCastleConfiguration
org.bouncycastle:bcprov-jdk18on:1.84=kotlinBouncyCastleConfiguration
org.bouncycastle:bcutil-jdk18on:1.84=kotlinBouncyCastleConfiguration
org.checkerframework:checker-qual:3.19.0=cliCompatRuntimeClasspath,runtimeClasspath,testRuntimeClasspath
org.codehaus.woodstox:stax2-api:4.2.2=cliCompatRuntimeClasspath,runtimeClasspath,testRuntimeClasspath
org.functionaljava:functionaljava:5.0=cliCompatRuntimeClasspath,runtimeClasspath,testRuntimeClasspath
org.hdrhistogram:HdrHistogram:2.1.12=cliCompatCompileClasspath,cliCompatRuntimeClasspath,compileClasspath,runtimeClasspath,testCompileClasspath,testRuntimeClasspath
org.jboss:jandex:2.4.2.Final=cliCompatRuntimeClasspath,runtimeClasspath,testRuntimeClasspath
org.jcommander:jcommander:1.85=detekt
org.jetbrains.intellij.deps:trove4j:1.0.20200330=detekt
org.jetbrains.kotlin:kotlin-build-tools-api:2.4.0=kotlinBuildToolsApiClasspath,kotlinCompilerClasspath,kotlinKlibCommonizerClasspath
org.jetbrains.kotlin:kotlin-build-tools-api:2.4.20-Beta1=kotlinAbiValidationCompatClasspath
org.jetbrains.kotlin:kotlin-build-tools-compat:2.4.0=kotlinAbiValidationCompatClasspath,kotlinBuildToolsApiClasspath,kotlinCompilerClasspath
org.jetbrains.kotlin:kotlin-build-tools-cri-impl:2.4.0=kotlinBuildToolsApiClasspath,kotlinCompilerClasspath
org.jetbrains.kotlin:kotlin-build-tools-cri-impl:2.4.20-Beta1=kotlinAbiValidationCompatClasspath
org.jetbrains.kotlin:kotlin-build-tools-impl:2.4.0=kotlinBuildToolsApiClasspath,kotlinCompilerClasspath
org.jetbrains.kotlin:kotlin-build-tools-impl:2.4.20-Beta1=kotlinAbiValidationCompatClasspath
org.jetbrains.kotlin:kotlin-compiler-embeddable:2.0.21=detekt
org.jetbrains.kotlin:kotlin-compiler-embeddable:2.3.20=cliCompatRuntimeClasspath,runtimeClasspath,testRuntimeClasspath
org.jetbrains.kotlin:kotlin-compiler-embeddable:2.4.0=kotlinBuildToolsApiClasspath,kotlinCompilerClasspath,kotlinKlibCommonizerClasspath
org.jetbrains.kotlin:kotlin-compiler-embeddable:2.4.20-Beta1=kotlinAbiValidationCompatClasspath
org.jetbrains.kotlin:kotlin-compiler-runner:2.4.0=kotlinBuildToolsApiClasspath,kotlinCompilerClasspath
org.jetbrains.kotlin:kotlin-compiler-runner:2.4.20-Beta1=kotlinAbiValidationCompatClasspath
org.jetbrains.kotlin:kotlin-daemon-client:2.4.0=kotlinBuildToolsApiClasspath,kotlinCompilerClasspath
org.jetbrains.kotlin:kotlin-daemon-client:2.4.20-Beta1=kotlinAbiValidationCompatClasspath
org.jetbrains.kotlin:kotlin-daemon-embeddable:2.0.21=detekt
org.jetbrains.kotlin:kotlin-daemon-embeddable:2.3.20=cliCompatRuntimeClasspath,runtimeClasspath,testRuntimeClasspath
org.jetbrains.kotlin:kotlin-daemon-embeddable:2.4.0=kotlinBuildToolsApiClasspath,kotlinCompilerClasspath,kotlinKlibCommonizerClasspath
org.jetbrains.kotlin:kotlin-daemon-embeddable:2.4.20-Beta1=kotlinAbiValidationCompatClasspath
org.jetbrains.kotlin:kotlin-klib-commonizer-embeddable:2.4.0=kotlinKlibCommonizerClasspath
org.jetbrains.kotlin:kotlin-reflect:1.6.10=kotlinAbiValidationCompatClasspath,kotlinBuildToolsApiClasspath,kotlinCompilerClasspath,kotlinKlibCommonizerClasspath
org.jetbrains.kotlin:kotlin-reflect:2.0.21=detekt
org.jetbrains.kotlin:kotlin-reflect:2.3.20=cliCompatRuntimeClasspath,runtimeClasspath,testRuntimeClasspath
org.jetbrains.kotlin:kotlin-script-runtime:2.0.21=detekt
org.jetbrains.kotlin:kotlin-script-runtime:2.3.20=cliCompatRuntimeClasspath,runtimeClasspath,testRuntimeClasspath
org.jetbrains.kotlin:kotlin-script-runtime:2.4.0=kotlinBuildToolsApiClasspath,kotlinCompilerClasspath,kotlinCompilerPluginClasspathCliCompat,kotlinCompilerPluginClasspathMain,kotlinCompilerPluginClasspathTest,kotlinKlibCommonizerClasspath
org.jetbrains.kotlin:kotlin-script-runtime:2.4.20-Beta1=kotlinAbiValidationCompatClasspath
org.jetbrains.kotlin:kotlin-scripting-common:2.4.0=kotlinCompilerPluginClasspathCliCompat,kotlinCompilerPluginClasspathMain,kotlinCompilerPluginClasspathTest
org.jetbrains.kotlin:kotlin-scripting-compiler-embeddable:2.4.0=kotlinCompilerPluginClasspathCliCompat,kotlinCompilerPluginClasspathMain,kotlinCompilerPluginClasspathTest
org.jetbrains.kotlin:kotlin-scripting-compiler-impl-embeddable:2.4.0=kotlinCompilerPluginClasspathCliCompat,kotlinCompilerPluginClasspathMain,kotlinCompilerPluginClasspathTest
org.jetbrains.kotlin:kotlin-scripting-jvm:2.4.0=kotlinCompilerPluginClasspathCliCompat,kotlinCompilerPluginClasspathMain,kotlinCompilerPluginClasspathTest
org.jetbrains.kotlin:kotlin-stdlib-common:1.7.20=detekt
org.jetbrains.kotlin:kotlin-stdlib-jdk7:1.7.20=detekt
org.jetbrains.kotlin:kotlin-stdlib-jdk8:1.7.20=detekt
org.jetbrains.kotlin:kotlin-stdlib:2.0.21=detekt
org.jetbrains.kotlin:kotlin-stdlib:2.4.0=cliCompatCompileClasspath,cliCompatRuntimeClasspath,compileClasspath,kotlinBuildToolsApiClasspath,kotlinCompilerClasspath,kotlinCompilerPluginClasspathCliCompat,kotlinCompilerPluginClasspathMain,kotlinCompilerPluginClasspathTest,kotlinKlibCommonizerClasspath,runtimeClasspath,testCompileClasspath,testRuntimeClasspath
org.jetbrains.kotlin:kotlin-stdlib:2.4.20-Beta1=kotlinAbiValidationCompatClasspath
org.jetbrains.kotlin:kotlin-tooling-core:2.4.0=kotlinBuildToolsApiClasspath,kotlinCompilerClasspath
org.jetbrains.kotlin:kotlin-tooling-core:2.4.20-Beta1=kotlinAbiValidationCompatClasspath
org.jetbrains.kotlinx:kotlinx-coroutines-core-jvm:1.6.4=detekt
org.jetbrains.kotlinx:kotlinx-coroutines-core-jvm:1.8.0=cliCompatRuntimeClasspath,kotlinAbiValidationCompatClasspath,kotlinBuildToolsApiClasspath,kotlinCompilerClasspath,kotlinKlibCommonizerClasspath,runtimeClasspath,testRuntimeClasspath
org.jetbrains.kotlinx:kotlinx-html-jvm:0.8.1=detekt
org.jetbrains.kotlinx:kotlinx-serialization-core-jvm:1.4.1=detekt
org.jetbrains.kotlinx:kotlinx-serialization-core:1.4.1=detekt
org.jetbrains.kotlinx:kotlinx-serialization-json-jvm:1.4.1=detekt
org.jetbrains.kotlinx:kotlinx-serialization-json:1.4.1=detekt
org.jetbrains:annotations:13.0=detekt,kotlinAbiValidationCompatClasspath,kotlinBuildToolsApiClasspath,kotlinCompilerClasspath,kotlinCompilerPluginClasspathCliCompat,kotlinCompilerPluginClasspathMain,kotlinCompilerPluginClasspathTest,kotlinKlibCommonizerClasspath
org.jetbrains:annotations:26.1.0=cliCompatCompileClasspath,cliCompatRuntimeClasspath,compileClasspath,runtimeClasspath,testCompileClasspath,testRuntimeClasspath
org.jspecify:jspecify:1.0.0=cliCompatCompileClasspath,cliCompatRuntimeClasspath,compileClasspath,runtimeClasspath,testCompileClasspath,testRuntimeClasspath
org.junit.jupiter:junit-jupiter-api:6.1.1=cliCompatCompileClasspath,cliCompatRuntimeClasspath,testCompileClasspath,testRuntimeClasspath
org.junit.jupiter:junit-jupiter-engine:6.1.1=cliCompatRuntimeClasspath,testRuntimeClasspath
org.junit.jupiter:junit-jupiter-params:6.1.1=cliCompatCompileClasspath,cliCompatRuntimeClasspath,testCompileClasspath,testRuntimeClasspath
org.junit.jupiter:junit-jupiter:6.1.1=cliCompatCompileClasspath,cliCompatRuntimeClasspath
org.junit.platform:junit-platform-commons:6.1.1=cliCompatCompileClasspath,cliCompatRuntimeClasspath,testCompileClasspath,testRuntimeClasspath
org.junit.platform:junit-platform-engine:6.1.1=cliCompatRuntimeClasspath,testRuntimeClasspath
org.junit.platform:junit-platform-launcher:6.1.1=cliCompatRuntimeClasspath,testRuntimeClasspath
org.junit:junit-bom:6.1.1=cliCompatCompileClasspath,cliCompatRuntimeClasspath,testCompileClasspath,testRuntimeClasspath
org.kohsuke:wordnet-random-name:1.9=cliCompatRuntimeClasspath,runtimeClasspath,testRuntimeClasspath
org.latencyutils:LatencyUtils:2.0.3=cliCompatRuntimeClasspath,runtimeClasspath,testRuntimeClasspath
org.mapstruct:mapstruct:1.7.0.Beta2=testRuntimeClasspath
org.mockito:mockito-core:5.23.0=testRuntimeClasspath
org.objenesis:objenesis:3.5=cliCompatRuntimeClasspath,runtimeClasspath,testRuntimeClasspath
org.openrewrite.gradle.tooling:model:8.85.0=runtimeClasspath,testRuntimeClasspath
org.openrewrite.gradle.tooling:model:8.87.0-SNAPSHOT=cliCompatRuntimeClasspath
org.openrewrite.meta:rewrite-analysis:2.35.0=cliCompatRuntimeClasspath,runtimeClasspath,testRuntimeClasspath
org.openrewrite.recipe:rewrite-apache:2.27.1=cliCompatRuntimeClasspath,runtimeClasspath,testRuntimeClasspath
org.openrewrite.recipe:rewrite-github-actions:3.25.0=cliCompatRuntimeClasspath,runtimeClasspath,testRuntimeClasspath
org.openrewrite.recipe:rewrite-hibernate:2.22.0=cliCompatRuntimeClasspath,runtimeClasspath,testRuntimeClasspath
org.openrewrite.recipe:rewrite-jackson:1.25.0=cliCompatRuntimeClasspath,runtimeClasspath,testRuntimeClasspath
org.openrewrite.recipe:rewrite-java-dependencies:1.56.0=cliCompatRuntimeClasspath,runtimeClasspath,testRuntimeClasspath
org.openrewrite.recipe:rewrite-jenkins:0.36.1=cliCompatRuntimeClasspath,runtimeClasspath,testRuntimeClasspath
org.openrewrite.recipe:rewrite-joda:0.9.1=cliCompatRuntimeClasspath,runtimeClasspath,testRuntimeClasspath
org.openrewrite.recipe:rewrite-logging-frameworks:3.29.1=cliCompatRuntimeClasspath,runtimeClasspath,testRuntimeClasspath
org.openrewrite.recipe:rewrite-micrometer:0.29.1=cliCompatRuntimeClasspath,runtimeClasspath,testRuntimeClasspath
org.openrewrite.recipe:rewrite-migrate-java:3.37.0=cliCompatRuntimeClasspath,runtimeClasspath,testRuntimeClasspath
org.openrewrite.recipe:rewrite-openapi:0.32.1=cliCompatRuntimeClasspath,runtimeClasspath,testRuntimeClasspath
org.openrewrite.recipe:rewrite-recipe-bom:3.33.0=cliCompatRuntimeClasspath,compileClasspath,runtimeClasspath,testCompileClasspath,testRuntimeClasspath
org.openrewrite.recipe:rewrite-spring:6.33.0=cliCompatRuntimeClasspath,compileClasspath,runtimeClasspath,testCompileClasspath,testRuntimeClasspath
org.openrewrite.recipe:rewrite-static-analysis:2.37.0=cliCompatRuntimeClasspath,compileClasspath,runtimeClasspath,testCompileClasspath,testRuntimeClasspath
org.openrewrite.recipe:rewrite-testing-frameworks:3.38.0=cliCompatRuntimeClasspath,runtimeClasspath,testRuntimeClasspath
org.openrewrite.tools:java-object-diff:1.0.1=cliCompatRuntimeClasspath,runtimeClasspath,testRuntimeClasspath
org.openrewrite.tools:jgit:1.4.2=cliCompatCompileClasspath,cliCompatRuntimeClasspath,compileClasspath,runtimeClasspath,testCompileClasspath,testRuntimeClasspath
org.openrewrite:rewrite-bom:8.87.0-SNAPSHOT=cliCompatCompileClasspath,cliCompatRuntimeClasspath
org.openrewrite:rewrite-core:8.85.0=compileClasspath,runtimeClasspath,testCompileClasspath,testRuntimeClasspath
org.openrewrite:rewrite-core:8.87.0-SNAPSHOT=cliCompatCompileClasspath,cliCompatRuntimeClasspath
org.openrewrite:rewrite-docker:8.85.0=runtimeClasspath,testRuntimeClasspath
org.openrewrite:rewrite-docker:8.87.0-SNAPSHOT=cliCompatRuntimeClasspath
org.openrewrite:rewrite-gradle:8.85.0=runtimeClasspath,testRuntimeClasspath
org.openrewrite:rewrite-gradle:8.87.0-SNAPSHOT=cliCompatRuntimeClasspath
org.openrewrite:rewrite-groovy:8.85.0=runtimeClasspath,testRuntimeClasspath
org.openrewrite:rewrite-groovy:8.87.0-SNAPSHOT=cliCompatRuntimeClasspath
org.openrewrite:rewrite-java-11:8.85.0=runtimeClasspath,testRuntimeClasspath
org.openrewrite:rewrite-java-11:8.87.0-SNAPSHOT=cliCompatRuntimeClasspath
org.openrewrite:rewrite-java-17:8.85.0=runtimeClasspath,testRuntimeClasspath
org.openrewrite:rewrite-java-17:8.87.0-SNAPSHOT=cliCompatRuntimeClasspath
org.openrewrite:rewrite-java-21:8.85.0=runtimeClasspath,testRuntimeClasspath
org.openrewrite:rewrite-java-21:8.87.0-SNAPSHOT=cliCompatRuntimeClasspath
org.openrewrite:rewrite-java-25:8.85.0=runtimeClasspath,testRuntimeClasspath
org.openrewrite:rewrite-java-25:8.87.0-SNAPSHOT=cliCompatRuntimeClasspath
org.openrewrite:rewrite-java-8:8.85.0=runtimeClasspath,testRuntimeClasspath
org.openrewrite:rewrite-java-8:8.87.0-SNAPSHOT=cliCompatRuntimeClasspath
org.openrewrite:rewrite-java-lombok:8.85.0=runtimeClasspath,testRuntimeClasspath
org.openrewrite:rewrite-java-lombok:8.87.0-SNAPSHOT=cliCompatRuntimeClasspath
org.openrewrite:rewrite-java-test:8.87.0-SNAPSHOT=cliCompatCompileClasspath,cliCompatRuntimeClasspath
org.openrewrite:rewrite-java:8.85.0=compileClasspath,runtimeClasspath,testCompileClasspath,testRuntimeClasspath
org.openrewrite:rewrite-java:8.87.0-SNAPSHOT=cliCompatCompileClasspath,cliCompatRuntimeClasspath
org.openrewrite:rewrite-json:8.85.0=runtimeClasspath,testRuntimeClasspath
org.openrewrite:rewrite-json:8.87.0-SNAPSHOT=cliCompatRuntimeClasspath
org.openrewrite:rewrite-kotlin:8.85.0=runtimeClasspath,testRuntimeClasspath
org.openrewrite:rewrite-kotlin:8.87.0-SNAPSHOT=cliCompatRuntimeClasspath
org.openrewrite:rewrite-maven:8.85.0=runtimeClasspath,testRuntimeClasspath
org.openrewrite:rewrite-maven:8.87.0-SNAPSHOT=cliCompatCompileClasspath,cliCompatRuntimeClasspath
org.openrewrite:rewrite-properties:8.85.0=runtimeClasspath,testRuntimeClasspath
org.openrewrite:rewrite-properties:8.87.0-SNAPSHOT=cliCompatRuntimeClasspath
org.openrewrite:rewrite-templating:1.41.9=cliCompatRuntimeClasspath,runtimeClasspath,testRuntimeClasspath
org.openrewrite:rewrite-test:8.85.0=testCompileClasspath,testRuntimeClasspath
org.openrewrite:rewrite-test:8.87.0-SNAPSHOT=cliCompatCompileClasspath,cliCompatRuntimeClasspath
org.openrewrite:rewrite-toml:8.85.0=runtimeClasspath,testRuntimeClasspath
org.openrewrite:rewrite-toml:8.87.0-SNAPSHOT=cliCompatRuntimeClasspath
org.openrewrite:rewrite-xml:8.85.0=runtimeClasspath,testRuntimeClasspath
org.openrewrite:rewrite-xml:8.87.0-SNAPSHOT=cliCompatCompileClasspath,cliCompatRuntimeClasspath
org.openrewrite:rewrite-yaml:8.85.0=compileClasspath,runtimeClasspath,testCompileClasspath,testRuntimeClasspath
org.openrewrite:rewrite-yaml:8.87.0-SNAPSHOT=cliCompatCompileClasspath,cliCompatRuntimeClasspath
org.opentest4j:opentest4j:1.3.0=cliCompatCompileClasspath,cliCompatRuntimeClasspath,testCompileClasspath,testRuntimeClasspath
org.ow2.asm:asm-analysis:9.10.1=cliCompatRuntimeClasspath,runtimeClasspath,testRuntimeClasspath
org.ow2.asm:asm-tree:9.10.1=cliCompatRuntimeClasspath,runtimeClasspath,testRuntimeClasspath
org.ow2.asm:asm-util:9.10.1=cliCompatRuntimeClasspath,runtimeClasspath,testRuntimeClasspath
org.ow2.asm:asm:9.10.1=cliCompatRuntimeClasspath,runtimeClasspath,testRuntimeClasspath
org.projectlombok:lombok:1.18.46=annotationProcessor,cliCompatRuntimeClasspath,compileClasspath,runtimeClasspath,testAnnotationProcessor,testCompileClasspath,testRuntimeClasspath
org.slf4j:slf4j-api:2.0.17=cliCompatRuntimeClasspath,runtimeClasspath,testRuntimeClasspath
org.slf4j:slf4j-nop:1.7.36=cliCompatRuntimeClasspath
org.snakeyaml:snakeyaml-engine:2.7=detekt
org.springframework:spring-aop:7.0.8=testRuntimeClasspath
org.springframework:spring-beans:7.0.8=testRuntimeClasspath
org.springframework:spring-context:7.0.8=testRuntimeClasspath
org.springframework:spring-core:7.0.8=testRuntimeClasspath
org.springframework:spring-expression:7.0.8=testRuntimeClasspath
org.springframework:spring-test:7.0.8=testRuntimeClasspath
org.yaml:snakeyaml:2.6=cliCompatRuntimeClasspath,runtimeClasspath,testRuntimeClasspath
tech.picnic.error-prone-support:error-prone-contrib:0.29.0=cliCompatRuntimeClasspath,runtimeClasspath,testRuntimeClasspath
tech.picnic.error-prone-support:error-prone-utils:0.29.0=cliCompatRuntimeClasspath,runtimeClasspath,testRuntimeClasspath
tech.picnic.error-prone-support:refaster-support:0.29.0=cliCompatRuntimeClasspath,runtimeClasspath,testRuntimeClasspath
empty=cliCompatAnnotationProcessor,cliCompatImplementationDependenciesMetadata,cliCompatKotlinScriptDefExtensions,detektPlugins,implementationDependenciesMetadata,kotlinCompilerPluginClasspath,kotlinNativeCompilerPluginClasspath,kotlinScriptDefExtensions,provided,testImplementationDependenciesMetadata,testKotlinScriptDefExtensions
